
Microsoft Visual Studio Solution File, Format Version 12.00
# Visual Studio Version 17
VisualStudioVersion = 17.8.34322.80
MinimumVisualStudioVersion = 10.0.40219.1
Project("{FAE04EC0-301F-11D3-BF4B-00C04F79EFBC}") = "AdventOfCode2023", "AdventOfCode2023.csproj", "{459CF5D9-4935-4CE5-8FE5-6E44A81C6537}"
EndProject
Global
	GlobalSection(SolutionConfigurationPlatforms) = preSolution
		Debug|Any CPU = Debug|Any CPU
		Release|Any CPU = Release|Any CPU
	EndGlobalSection
	GlobalSection(ProjectConfigurationPlatforms) = postSolution
		{459CF5D9-4935-4CE5-8FE5-6E44A81C6537}.Debug|Any CPU.ActiveCfg = Debug|Any CPU
		{459CF5D9-4935-4CE5-8FE5-6E44A81C6537}.Debug|Any CPU.Build.0 = Debug|Any CPU
		{459CF5D9-4935-4CE5-8FE5-6E44A81C6537}.Release|Any CPU.ActiveCfg = Release|Any CPU
		{459CF5D9-4935-4CE5-8FE5-6E44A81C6537}.Release|Any CPU.Build.0 = Release|Any CPU
	EndGlobalSection
	GlobalSection(SolutionProperties) = preSolution
		HideSolutionNode = FALSE
	EndGlobalSection
	GlobalSection(ExtensibilityGlobals) = postSolution
		SolutionGuid = {2B3AE601-7E43-4226-8D93-B2F63DA9DE4B}
	EndGlobalSection
EndGlobal
